
Microsoft Visual Studio Solution File, Format Version 12.00
# Visual Studio 15
VisualStudioVersion = 15.0.28307.539
MinimumVisualStudioVersion = 10.0.40219.1
Project("{FAE04EC0-301F-11D3-BF4B-00C04F79EFBC}") = "ExamenAppDotNet", "ExamenAppDotNet\ExamenAppDotNet.csproj", "{68DD864E-B596-456F-A04D-90BF68C84C31}"
EndProject
Global
	GlobalSection(SolutionConfigurationPlatforms) = preSolution
		Debug|Any CPU = Debug|Any CPU
		Release|Any CPU = Release|Any CPU
	EndGlobalSection
	GlobalSection(ProjectConfigurationPlatforms) = postSolution
		{68DD864E-B596-456F-A04D-90BF68C84C31}.Debug|Any CPU.ActiveCfg = Debug|Any CPU
		{68DD864E-B596-456F-A04D-90BF68C84C31}.Debug|Any CPU.Build.0 = Debug|Any CPU
		{68DD864E-B596-456F-A04D-90BF68C84C31}.Release|Any CPU.ActiveCfg = Release|Any CPU
		{68DD864E-B596-456F-A04D-90BF68C84C31}.Release|Any CPU.Build.0 = Release|Any CPU
	EndGlobalSection
	GlobalSection(SolutionProperties) = preSolution
		HideSolutionNode = FALSE
	EndGlobalSection
	GlobalSection(ExtensibilityGlobals) = postSolution
		SolutionGuid = {EF03C422-7CEE-44BE-884B-52C3D63A2B34}
	EndGlobalSection
EndGlobal
